
Microsoft Visual Studio Solution File, Format Version 12.00
# Visual Studio 15
VisualStudioVersion = 15.0.27428.2027
MinimumVisualStudioVersion = 10.0.40219.1
Project("{FAE04EC0-301F-11D3-BF4B-00C04F79EFBC}") = "CustomBinarySearchTree", "BinarySearchTree\CustomBinarySearchTree.csproj", "{301E6F33-82D5-454F-A32E-B8F8AA704DE6}"
EndProject
Project("{FAE04EC0-301F-11D3-BF4B-00C04F79EFBC}") = "BinarySearchTree.Test", "BinarySearchTree.Test\BinarySearchTree.Test.csproj", "{E60D70E9-D7C3-41E5-BDE5-3B94E04CCFC1}"
EndProject
Project("{FAE04EC0-301F-11D3-BF4B-00C04F79EFBC}") = "CustomQueue", "Queue\CustomQueue.csproj", "{79F72142-AB50-4763-BF77-379F2D34E96E}"
EndProject
Project("{FAE04EC0-301F-11D3-BF4B-00C04F79EFBC}") = "Queue.Test", "CustomQueue.Test.cs\Queue.Test.csproj", "{7DFE23BB-2649-49B0-B7A5-63CDC7237DB8}"
EndProject
Project("{FAE04EC0-301F-11D3-BF4B-00C04F79EFBC}") = "CustomMatrix", "CustomMatrix\CustomMatrix.csproj", "{841ADB7B-3F9E-4F50-AD9A-36B632740908}"
EndProject
Project("{FAE04EC0-301F-11D3-BF4B-00C04F79EFBC}") = "CustomMatrix.Test", "CustomMatrix.Test\CustomMatrix.Test.csproj", "{6310C95B-DCD2-4CB9-A3EC-4CFCE1B3C845}"
EndProject
Project("{FAE04EC0-301F-11D3-BF4B-00C04F79EFBC}") = "CustomMatrixConsole.Test", "CustomMatrixConsole.Test\CustomMatrixConsole.Test.csproj", "{A9946B1F-0289-47B9-96C0-48DE45803260}"
EndProject
Global
	GlobalSection(SolutionConfigurationPlatforms) = preSolution
		Debug|Any CPU = Debug|Any CPU
		Release|Any CPU = Release|Any CPU
	EndGlobalSection
	GlobalSection(ProjectConfigurationPlatforms) = postSolution
		{301E6F33-82D5-454F-A32E-B8F8AA704DE6}.Debug|Any CPU.ActiveCfg = Debug|Any CPU
		{301E6F33-82D5-454F-A32E-B8F8AA704DE6}.Debug|Any CPU.Build.0 = Debug|Any CPU
		{301E6F33-82D5-454F-A32E-B8F8AA704DE6}.Release|Any CPU.ActiveCfg = Release|Any CPU
		{301E6F33-82D5-454F-A32E-B8F8AA704DE6}.Release|Any CPU.Build.0 = Release|Any CPU
		{E60D70E9-D7C3-41E5-BDE5-3B94E04CCFC1}.Debug|Any CPU.ActiveCfg = Debug|Any CPU
		{E60D70E9-D7C3-41E5-BDE5-3B94E04CCFC1}.Debug|Any CPU.Build.0 = Debug|Any CPU
		{E60D70E9-D7C3-41E5-BDE5-3B94E04CCFC1}.Release|Any CPU.ActiveCfg = Release|Any CPU
		{E60D70E9-D7C3-41E5-BDE5-3B94E04CCFC1}.Release|Any CPU.Build.0 = Release|Any CPU
		{79F72142-AB50-4763-BF77-379F2D34E96E}.Debug|Any CPU.ActiveCfg = Debug|Any CPU
		{79F72142-AB50-4763-BF77-379F2D34E96E}.Debug|Any CPU.Build.0 = Debug|Any CPU
		{79F72142-AB50-4763-BF77-379F2D34E96E}.Release|Any CPU.ActiveCfg = Release|Any CPU
		{79F72142-AB50-4763-BF77-379F2D34E96E}.Release|Any CPU.Build.0 = Release|Any CPU
		{7DFE23BB-2649-49B0-B7A5-63CDC7237DB8}.Debug|Any CPU.ActiveCfg = Debug|Any CPU
		{7DFE23BB-2649-49B0-B7A5-63CDC7237DB8}.Debug|Any CPU.Build.0 = Debug|Any CPU
		{7DFE23BB-2649-49B0-B7A5-63CDC7237DB8}.Release|Any CPU.ActiveCfg = Release|Any CPU
		{7DFE23BB-2649-49B0-B7A5-63CDC7237DB8}.Release|Any CPU.Build.0 = Release|Any CPU
		{841ADB7B-3F9E-4F50-AD9A-36B632740908}.Debug|Any CPU.ActiveCfg = Debug|Any CPU
		{841ADB7B-3F9E-4F50-AD9A-36B632740908}.Debug|Any CPU.Build.0 = Debug|Any CPU
		{841ADB7B-3F9E-4F50-AD9A-36B632740908}.Release|Any CPU.ActiveCfg = Release|Any CPU
		{841ADB7B-3F9E-4F50-AD9A-36B632740908}.Release|Any CPU.Build.0 = Release|Any CPU
		{6310C95B-DCD2-4CB9-A3EC-4CFCE1B3C845}.Debug|Any CPU.ActiveCfg = Debug|Any CPU
		{6310C95B-DCD2-4CB9-A3EC-4CFCE1B3C845}.Debug|Any CPU.Build.0 = Debug|Any CPU
		{6310C95B-DCD2-4CB9-A3EC-4CFCE1B3C845}.Release|Any CPU.ActiveCfg = Release|Any CPU
		{6310C95B-DCD2-4CB9-A3EC-4CFCE1B3C845}.Release|Any CPU.Build.0 = Release|Any CPU
		{A9946B1F-0289-47B9-96C0-48DE45803260}.Debug|Any CPU.ActiveCfg = Debug|Any CPU
		{A9946B1F-0289-47B9-96C0-48DE45803260}.Debug|Any CPU.Build.0 = Debug|Any CPU
		{A9946B1F-0289-47B9-96C0-48DE45803260}.Release|Any CPU.ActiveCfg = Release|Any CPU
		{A9946B1F-0289-47B9-96C0-48DE45803260}.Release|Any CPU.Build.0 = Release|Any CPU
	EndGlobalSection
	GlobalSection(SolutionProperties) = preSolution
		HideSolutionNode = FALSE
	EndGlobalSection
	GlobalSection(ExtensibilityGlobals) = postSolution
		SolutionGuid = {9391AFCE-5A45-4683-BD9D-274DEC9BAA06}
	EndGlobalSection
EndGlobal
